
Microsoft Visual Studio Solution File, Format Version 12.00
# Visual Studio Version 16
VisualStudioVersion = 16.0.30204.135
MinimumVisualStudioVersion = 10.0.40219.1
Project("{FAE04EC0-301F-11D3-BF4B-00C04F79EFBC}") = "Ex_NomsCiutats_Net", "Ex_NomsCiutats_Net\Ex_NomsCiutats_Net.csproj", "{35F20159-597A-4B23-9C04-E439640CA04F}"
EndProject
Global
	GlobalSection(SolutionConfigurationPlatforms) = preSolution
		Debug|Any CPU = Debug|Any CPU
		Release|Any CPU = Release|Any CPU
	EndGlobalSection
	GlobalSection(ProjectConfigurationPlatforms) = postSolution
		{35F20159-597A-4B23-9C04-E439640CA04F}.Debug|Any CPU.ActiveCfg = Debug|Any CPU
		{35F20159-597A-4B23-9C04-E439640CA04F}.Debug|Any CPU.Build.0 = Debug|Any CPU
		{35F20159-597A-4B23-9C04-E439640CA04F}.Release|Any CPU.ActiveCfg = Release|Any CPU
		{35F20159-597A-4B23-9C04-E439640CA04F}.Release|Any CPU.Build.0 = Release|Any CPU
	EndGlobalSection
	GlobalSection(SolutionProperties) = preSolution
		HideSolutionNode = FALSE
	EndGlobalSection
	GlobalSection(ExtensibilityGlobals) = postSolution
		SolutionGuid = {9B1C59CD-96E0-48DB-8854-8112D59E32D2}
	EndGlobalSection
EndGlobal
